{
  "originHash" : "b5ecd3b81f7976653085e1220bfc3735b1302483540428f9820697cac897ac99",
  "pins" : [
    {
      "identity" : "moq-kit",
      "kind" : "remoteSourceControl",
      "location" : "https://github.com/software-mansion-labs/moq-kit",
      "state" : {
        "revision" : "4ef20a2b79681f66caa60fa40bfd2686cd1f8fa0",
        "version" : "0.0.1-alpha3"
      }
    }
  ],
  "version" : 3
}
