{
  "originHash" : "f224ccdca576bf1dc13b3f3db627236d1c79e2ae7214a1674a69ac74932623c0",
  "pins" : [
    {
      "identity" : "moq-kit",
      "kind" : "remoteSourceControl",
      "location" : "https://github.com/software-mansion-labs/moq-kit.git",
      "state" : {
        "revision" : "bfb22f84496ecedd47c20ff0bd3434aaf93fb5d7",
        "version" : "0.2.0"
      }
    },
    {
      "identity" : "moq-swift",
      "kind" : "remoteSourceControl",
      "location" : "https://github.com/moq-dev/moq-swift",
      "state" : {
        "revision" : "d6559b6f637603459f1f8f4036f8dd318ea9d6c7",
        "version" : "0.2.18"
      }
    },
    {
      "identity" : "swift-atomics",
      "kind" : "remoteSourceControl",
      "location" : "https://github.com/apple/swift-atomics",
      "state" : {
        "revision" : "b601256eab081c0f92f059e12818ac1d4f178ff7",
        "version" : "1.3.0"
      }
    }
  ],
  "version" : 3
}
