{
  "originHash" : "f224ccdca576bf1dc13b3f3db627236d1c79e2ae7214a1674a69ac74932623c0",
  "pins" : [
    {
      "identity" : "moq-kit",
      "kind" : "remoteSourceControl",
      "location" : "https://github.com/software-mansion-labs/moq-kit.git",
      "state" : {
        "revision" : "c6535e66a1d1ecea475e5cd02edfafd9a2732f48",
        "version" : "0.1.2"
      }
    }
  ],
  "version" : 3
}
